// !$*UTF8*$!
{
	archiveVersion = 1;
	classes = {
	};
	objectVersion = 56;
	objects = {

/* Begin PBXBuildFile section */
		96A8E5A829CCAF0300B80386 /* AppDelegate.swift in Sources */ = {isa = PBXBuildFile; fileRef = 96A8E5A729CCAF0300B80386 /* AppDelegate.swift */; };
		96A8E5AA29CCAF0300B80386 /* SceneDelegate.swift in Sources */ = {isa = PBXBuildFile; fileRef = 96A8E5A929CCAF0300B80386 /* SceneDelegate.swift */; };
		96A8E5AC29CCAF0300B80386 /* ToDoViewController.swift in Sources */ = {isa = PBXBuildFile; fileRef = 96A8E5AB29CCAF0300B80386 /* ToDoViewController.swift */; };
		96A8E5AF29CCAF0300B80386 /* Main.storyboard in Resources */ = {isa = PBXBuildFile; fileRef = 96A8E5AD29CCAF0300B80386 /* Main.storyboard */; };
		96A8E5B229CCAF0300B80386 /* ToDo_App.xcdatamodeld in Sources */ = {isa = PBXBuildFile; fileRef = 96A8E5B029CCAF0300B80386 /* ToDo_App.xcdatamodeld */; };
		96A8E5B429CCAF0400B80386 /* Assets.xcassets in Resources */ = {isa = PBXBuildFile; fileRef = 96A8E5B329CCAF0400B80386 /* Assets.xcassets */; };
		96A8E5B729CCAF0400B80386 /* LaunchScreen.storyboard in Resources */ = {isa = PBXBuildFile; fileRef = 96A8E5B529CCAF0400B80386 /* LaunchScreen.storyboard */; };
		96A8E5BF29CCAF1600B80386 /* ToDoList App.png in Resources */ = {isa = PBXBuildFile; fileRef = 96A8E5BE29CCAF1600B80386 /* ToDoList App.png */; };
		96A8E5C429CF2AAD00B80386 /* AddToDoViewController.swift in Sources */ = {isa = PBXBuildFile; fileRef = 96A8E5C329CF2AAD00B80386 /* AddToDoViewController.swift */; };
		96A8E5C729CF3B3400B80386 /* ToDoCell.swift in Sources */ = {isa = PBXBuildFile; fileRef = 96A8E5C529CF3B3400B80386 /* ToDoCell.swift */; };
		96A8E5C829CF3B3400B80386 /* ToDoCell.xib in Resources */ = {isa = PBXBuildFile; fileRef = 96A8E5C629CF3B3400B80386 /* ToDoCell.xib */; };
		96A8E5CA29DA21A300B80386 /* MockData+Tableview.swift in Sources */ = {isa = PBXBuildFile; fileRef = 96A8E5C929DA21A300B80386 /* MockData+Tableview.swift */; };
		96A8E5CC29DA9A6F00B80386 /* Extension+Tableview.swift in Sources */ = {isa = PBXBuildFile; fileRef = 96A8E5CB29DA9A6F00B80386 /* Extension+Tableview.swift */; };
		96A8E5CE29DA9B1900B80386 /* EnumColor.swift in Sources */ = {isa = PBXBuildFile; fileRef = 96A8E5CD29DA9B1900B80386 /* EnumColor.swift */; };
		96A8E5D029DAA1CD00B80386 /* EnumIcon.swift in Sources */ = {isa = PBXBuildFile; fileRef = 96A8E5CF29DAA1CD00B80386 /* EnumIcon.swift */; };
		96A8E5D229DAA52600B80386 /* Extension+UIColor.swift in Sources */ = {isa = PBXBuildFile; fileRef = 96A8E5D129DAA52600B80386 /* Extension+UIColor.swift */; };
		96A8E5D429DAA5DA00B80386 /* EnumTag.swift in Sources */ = {isa = PBXBuildFile; fileRef = 96A8E5D329DAA5DA00B80386 /* EnumTag.swift */; };
		96A8E5D629DAA65D00B80386 /* ToDoCellModel.swift in Sources */ = {isa = PBXBuildFile; fileRef = 96A8E5D529DAA65D00B80386 /* ToDoCellModel.swift */; };
		96A8E5DE29DAA78B00B80386 /* EnumFont.swift in Sources */ = {isa = PBXBuildFile; fileRef = 96A8E5DD29DAA78B00B80386 /* EnumFont.swift */; };
		96A8E5E029DAC2B000B80386 /* GlobalFunctions.swift in Sources */ = {isa = PBXBuildFile; fileRef = 96A8E5DF29DAC2B000B80386 /* GlobalFunctions.swift */; };
		96A8E5E329DAC37600B80386 /* Extension+UIView.swift in Sources */ = {isa = PBXBuildFile; fileRef = 96A8E5E229DAC37600B80386 /* Extension+UIView.swift */; };
		96A8E5E529DAC41100B80386 /* Extension+UITextView.swift in Sources */ = {isa = PBXBuildFile; fileRef = 96A8E5E429DAC41100B80386 /* Extension+UITextView.swift */; };
		96A8E5E929DAC4AA00B80386 /* CustomCellDelegate.swift in Sources */ = {isa = PBXBuildFile; fileRef = 96A8E5E829DAC4AA00B80386 /* CustomCellDelegate.swift */; };
		96A8E5EB29DAC51200B80386 /* ToDoChangeDelegate.swift in Sources */ = {isa = PBXBuildFile; fileRef = 96A8E5EA29DAC51200B80386 /* ToDoChangeDelegate.swift */; };
		96A8E5EE29DAC58200B80386 /* UITextFieldDelegate.swift in Sources */ = {isa = PBXBuildFile; fileRef = 96A8E5ED29DAC58200B80386 /* UITextFieldDelegate.swift */; };
		96A8E5F029DAC5FC00B80386 /* UITextViewDelegate.swift in Sources */ = {isa = PBXBuildFile; fileRef = 96A8E5EF29DAC5FC00B80386 /* UITextViewDelegate.swift */; };
/* End PBXBuildFile section */

/* Begin PBXFileReference section */
		96A8E5A429CCAF0300B80386 /* ToDo-App.app */ = {isa = PBXFileReference; explicitFileType = wrapper.application; includeInIndex = 0; path = "ToDo-App.app"; sourceTree = BUILT_PRODUCTS_DIR; };
		96A8E5A729CCAF0300B80386 /* AppDelegate.swift */ = {isa = PBXFileReference; lastKnownFileType = sourcecode.swift; path = AppDelegate.swift; sourceTree = "<group>"; };
		96A8E5A929CCAF0300B80386 /* SceneDelegate.swift */ = {isa = PBXFileReference; lastKnownFileType = sourcecode.swift; path = SceneDelegate.swift; sourceTree = "<group>"; };
		96A8E5AB29CCAF0300B80386 /* ToDoViewController.swift */ = {isa = PBXFileReference; lastKnownFileType = sourcecode.swift; path = ToDoViewController.swift; sourceTree = "<group>"; };
		96A8E5AE29CCAF0300B80386 /* Base */ = {isa = PBXFileReference; lastKnownFileType = file.storyboard; name = Base; path = Base.lproj/Main.storyboard; sourceTree = "<group>"; };
		96A8E5B129CCAF0300B80386 /* ToDo_App.xcdatamodel */ = {isa = PBXFileReference; lastKnownFileType = wrapper.xcdatamodel; path = ToDo_App.xcdatamodel; sourceTree = "<group>"; };
		96A8E5B329CCAF0400B80386 /* Assets.xcassets */ = {isa = PBXFileReference; lastKnownFileType = folder.assetcatalog; path = Assets.xcassets; sourceTree = "<group>"; };
		96A8E5B629CCAF0400B80386 /* Base */ = {isa = PBXFileReference; lastKnownFileType = file.storyboard; name = Base; path = Base.lproj/LaunchScreen.storyboard; sourceTree = "<group>"; };
		96A8E5B829CCAF0400B80386 /* Info.plist */ = {isa = PBXFileReference; lastKnownFileType = text.plist.xml; path = Info.plist; sourceTree = "<group>"; };
		96A8E5BE29CCAF1600B80386 /* ToDoList App.png */ = {isa = PBXFileReference; lastKnownFileType = image.png; path = "ToDoList App.png"; sourceTree = "<group>"; };
		96A8E5C329CF2AAD00B80386 /* AddToDoViewController.swift */ = {isa = PBXFileReference; lastKnownFileType = sourcecode.swift; path = AddToDoViewController.swift; sourceTree = "<group>"; };
		96A8E5C529CF3B3400B80386 /* ToDoCell.swift */ = {isa = PBXFileReference; lastKnownFileType = sourcecode.swift; path = ToDoCell.swift; sourceTree = "<group>"; };
		96A8E5C629CF3B3400B80386 /* ToDoCell.xib */ = {isa = PBXFileReference; lastKnownFileType = file.xib; path = ToDoCell.xib; sourceTree = "<group>"; };
		96A8E5C929DA21A300B80386 /* MockData+Tableview.swift */ = {isa = PBXFileReference; lastKnownFileType = sourcecode.swift; path = "MockData+Tableview.swift"; sourceTree = "<group>"; };
		96A8E5CB29DA9A6F00B80386 /* Extension+Tableview.swift */ = {isa = PBXFileReference; lastKnownFileType = sourcecode.swift; path = "Extension+Tableview.swift"; sourceTree = "<group>"; };
		96A8E5CD29DA9B1900B80386 /* EnumColor.swift */ = {isa = PBXFileReference; lastKnownFileType = sourcecode.swift; path = EnumColor.swift; sourceTree = "<group>"; };
		96A8E5CF29DAA1CD00B80386 /* EnumIcon.swift */ = {isa = PBXFileReference; lastKnownFileType = sourcecode.swift; path = EnumIcon.swift; sourceTree = "<group>"; };
		96A8E5D129DAA52600B80386 /* Extension+UIColor.swift */ = {isa = PBXFileReference; lastKnownFileType = sourcecode.swift; path = "Extension+UIColor.swift"; sourceTree = "<group>"; };
		96A8E5D329DAA5DA00B80386 /* EnumTag.swift */ = {isa = PBXFileReference; lastKnownFileType = sourcecode.swift; path = EnumTag.swift; sourceTree = "<group>"; };
		96A8E5D529DAA65D00B80386 /* ToDoCellModel.swift */ = {isa = PBXFileReference; lastKnownFileType = sourcecode.swift; path = ToDoCellModel.swift; sourceTree = "<group>"; };
		96A8E5DD29DAA78B00B80386 /* EnumFont.swift */ = {isa = PBXFileReference; lastKnownFileType = sourcecode.swift; path = EnumFont.swift; sourceTree = "<group>"; };
		96A8E5DF29DAC2B000B80386 /* GlobalFunctions.swift */ = {isa = PBXFileReference; lastKnownFileType = sourcecode.swift; path = GlobalFunctions.swift; sourceTree = "<group>"; };
		96A8E5E229DAC37600B80386 /* Extension+UIView.swift */ = {isa = PBXFileReference; lastKnownFileType = sourcecode.swift; path = "Extension+UIView.swift"; sourceTree = "<group>"; };
		96A8E5E429DAC41100B80386 /* Extension+UITextView.swift */ = {isa = PBXFileReference; lastKnownFileType = sourcecode.swift; path = "Extension+UITextView.swift"; sourceTree = "<group>"; };
		96A8E5E829DAC4AA00B80386 /* CustomCellDelegate.swift */ = {isa = PBXFileReference; lastKnownFileType = sourcecode.swift; path = CustomCellDelegate.swift; sourceTree = "<group>"; };
		96A8E5EA29DAC51200B80386 /* ToDoChangeDelegate.swift */ = {isa = PBXFileReference; lastKnownFileType = sourcecode.swift; path = ToDoChangeDelegate.swift; sourceTree = "<group>"; };
		96A8E5ED29DAC58200B80386 /* UITextFieldDelegate.swift */ = {isa = PBXFileReference; lastKnownFileType = sourcecode.swift; path = UITextFieldDelegate.swift; sourceTree = "<group>"; };
		96A8E5EF29DAC5FC00B80386 /* UITextViewDelegate.swift */ = {isa = PBXFileReference; lastKnownFileType = sourcecode.swift; path = UITextViewDelegate.swift; sourceTree = "<group>"; };
/* End PBXFileReference section */

/* Begin PBXFrameworksBuildPhase section */
		96A8E5A129CCAF0300B80386 /* Frameworks */ = {
			isa = PBXFrameworksBuildPhase;
			buildActionMask = 2147483647;
			files = (
			);
			runOnlyForDeploymentPostprocessing = 0;
		};
/* End PBXFrameworksBuildPhase section */

/* Begin PBXGroup section */
		96A8E59B29CCAF0300B80386 = {
			isa = PBXGroup;
			children = (
				96A8E5A629CCAF0300B80386 /* ToDo-App */,
				96A8E5A529CCAF0300B80386 /* Products */,
			);
			sourceTree = "<group>";
		};
		96A8E5A529CCAF0300B80386 /* Products */ = {
			isa = PBXGroup;
			children = (
				96A8E5A429CCAF0300B80386 /* ToDo-App.app */,
			);
			name = Products;
			sourceTree = "<group>";
		};
		96A8E5A629CCAF0300B80386 /* ToDo-App */ = {
			isa = PBXGroup;
			children = (
				96A8E5D729DAA67C00B80386 /* AppSceneDelegates */,
				96A8E5D829DAA69A00B80386 /* Enums */,
				96A8E5D929DAA6A800B80386 /* Extensions */,
				96A8E5E129DAC33F00B80386 /* GlobalFunctions */,
				96A8E5DA29DAA6BA00B80386 /* MockData */,
				96A8E5DB29DAA6F900B80386 /* Cell */,
				96A8E5AD29CCAF0300B80386 /* Main.storyboard */,
				96A8E5C329CF2AAD00B80386 /* AddToDoViewController.swift */,
				96A8E5AB29CCAF0300B80386 /* ToDoViewController.swift */,
				96A8E5DC29DAA72200B80386 /* Assets */,
				96A8E5B829CCAF0400B80386 /* Info.plist */,
				96A8E5B029CCAF0300B80386 /* ToDo_App.xcdatamodeld */,
			);
			path = "ToDo-App";
			sourceTree = "<group>";
		};
		96A8E5C229CCAF8E00B80386 /* Figma Mockup */ = {
			isa = PBXGroup;
			children = (
				96A8E5BE29CCAF1600B80386 /* ToDoList App.png */,
			);
			path = "Figma Mockup";
			sourceTree = "<group>";
		};
		96A8E5D729DAA67C00B80386 /* AppSceneDelegates */ = {
			isa = PBXGroup;
			children = (
				96A8E5A729CCAF0300B80386 /* AppDelegate.swift */,
				96A8E5A929CCAF0300B80386 /* SceneDelegate.swift */,
			);
			path = AppSceneDelegates;
			sourceTree = "<group>";
		};
		96A8E5D829DAA69A00B80386 /* Enums */ = {
			isa = PBXGroup;
			children = (
				96A8E5CF29DAA1CD00B80386 /* EnumIcon.swift */,
				96A8E5CD29DA9B1900B80386 /* EnumColor.swift */,
				96A8E5D329DAA5DA00B80386 /* EnumTag.swift */,
				96A8E5DD29DAA78B00B80386 /* EnumFont.swift */,
			);
			path = Enums;
			sourceTree = "<group>";
		};
		96A8E5D929DAA6A800B80386 /* Extensions */ = {
			isa = PBXGroup;
			children = (
				96A8E5E629DAC43B00B80386 /* DelegateExtensions */,
				96A8E5CB29DA9A6F00B80386 /* Extension+Tableview.swift */,
				96A8E5D129DAA52600B80386 /* Extension+UIColor.swift */,
				96A8E5E229DAC37600B80386 /* Extension+UIView.swift */,
				96A8E5E429DAC41100B80386 /* Extension+UITextView.swift */,
			);
			path = Extensions;
			sourceTree = "<group>";
		};
		96A8E5DA29DAA6BA00B80386 /* MockData */ = {
			isa = PBXGroup;
			children = (
				96A8E5C929DA21A300B80386 /* MockData+Tableview.swift */,
			);
			path = MockData;
			sourceTree = "<group>";
		};
		96A8E5DB29DAA6F900B80386 /* Cell */ = {
			isa = PBXGroup;
			children = (
				96A8E5C629CF3B3400B80386 /* ToDoCell.xib */,
				96A8E5C529CF3B3400B80386 /* ToDoCell.swift */,
				96A8E5D529DAA65D00B80386 /* ToDoCellModel.swift */,
			);
			path = Cell;
			sourceTree = "<group>";
		};
		96A8E5DC29DAA72200B80386 /* Assets */ = {
			isa = PBXGroup;
			children = (
				96A8E5B529CCAF0400B80386 /* LaunchScreen.storyboard */,
				96A8E5B329CCAF0400B80386 /* Assets.xcassets */,
				96A8E5C229CCAF8E00B80386 /* Figma Mockup */,
			);
			path = Assets;
			sourceTree = "<group>";
		};
		96A8E5E129DAC33F00B80386 /* GlobalFunctions */ = {
			isa = PBXGroup;
			children = (
				96A8E5DF29DAC2B000B80386 /* GlobalFunctions.swift */,
			);
			path = GlobalFunctions;
			sourceTree = "<group>";
		};
		96A8E5E629DAC43B00B80386 /* DelegateExtensions */ = {
			isa = PBXGroup;
			children = (
				96A8E5EC29DAC56200B80386 /* AddToDoViewController */,
				96A8E5E729DAC47400B80386 /* ToDoViewController */,
			);
			path = DelegateExtensions;
			sourceTree = "<group>";
		};
		96A8E5E729DAC47400B80386 /* ToDoViewController */ = {
			isa = PBXGroup;
			children = (
				96A8E5E829DAC4AA00B80386 /* CustomCellDelegate.swift */,
				96A8E5EA29DAC51200B80386 /* ToDoChangeDelegate.swift */,
			);
			path = ToDoViewController;
			sourceTree = "<group>";
		};
		96A8E5EC29DAC56200B80386 /* AddToDoViewController */ = {
			isa = PBXGroup;
			children = (
				96A8E5ED29DAC58200B80386 /* UITextFieldDelegate.swift */,
				96A8E5EF29DAC5FC00B80386 /* UITextViewDelegate.swift */,
			);
			path = AddToDoViewController;
			sourceTree = "<group>";
		};
/* End PBXGroup section */

/* Begin PBXNativeTarget section */
		96A8E5A329CCAF0300B80386 /* ToDo-App */ = {
			isa = PBXNativeTarget;
			buildConfigurationList = 96A8E5BB29CCAF0400B80386 /* Build configuration list for PBXNativeTarget "ToDo-App" */;
			buildPhases = (
				96A8E5A029CCAF0300B80386 /* Sources */,
				96A8E5A129CCAF0300B80386 /* Frameworks */,
				96A8E5A229CCAF0300B80386 /* Resources */,
			);
			buildRules = (
			);
			dependencies = (
			);
			name = "ToDo-App";
			productName = "ToDo-App";
			productReference = 96A8E5A429CCAF0300B80386 /* ToDo-App.app */;
			productType = "com.apple.product-type.application";
		};
/* End PBXNativeTarget section */

/* Begin PBXProject section */
		96A8E59C29CCAF0300B80386 /* Project object */ = {
			isa = PBXProject;
			attributes = {
				BuildIndependentTargetsInParallel = 1;
				LastSwiftUpdateCheck = 1420;
				LastUpgradeCheck = 1420;
				TargetAttributes = {
					96A8E5A329CCAF0300B80386 = {
						CreatedOnToolsVersion = 14.2;
					};
				};
			};
			buildConfigurationList = 96A8E59F29CCAF0300B80386 /* Build configuration list for PBXProject "ToDo-App" */;
			compatibilityVersion = "Xcode 14.0";
			developmentRegion = en;
			hasScannedForEncodings = 0;
			knownRegions = (
				en,
				Base,
			);
			mainGroup = 96A8E59B29CCAF0300B80386;
			productRefGroup = 96A8E5A529CCAF0300B80386 /* Products */;
			projectDirPath = "";
			projectRoot = "";
			targets = (
				96A8E5A329CCAF0300B80386 /* ToDo-App */,
			);
		};
/* End PBXProject section */

/* Begin PBXResourcesBuildPhase section */
		96A8E5A229CCAF0300B80386 /* Resources */ = {
			isa = PBXResourcesBuildPhase;
			buildActionMask = 2147483647;
			files = (
				96A8E5B729CCAF0400B80386 /* LaunchScreen.storyboard in Resources */,
				96A8E5C829CF3B3400B80386 /* ToDoCell.xib in Resources */,
				96A8E5B429CCAF0400B80386 /* Assets.xcassets in Resources */,
				96A8E5BF29CCAF1600B80386 /* ToDoList App.png in Resources */,
				96A8E5AF29CCAF0300B80386 /* Main.storyboard in Resources */,
			);
			runOnlyForDeploymentPostprocessing = 0;
		};
/* End PBXResourcesBuildPhase section */

/* Begin PBXSourcesBuildPhase section */
		96A8E5A029CCAF0300B80386 /* Sources */ = {
			isa = PBXSourcesBuildPhase;
			buildActionMask = 2147483647;
			files = (
				96A8E5AC29CCAF0300B80386 /* ToDoViewController.swift in Sources */,
				96A8E5E929DAC4AA00B80386 /* CustomCellDelegate.swift in Sources */,
				96A8E5D629DAA65D00B80386 /* ToDoCellModel.swift in Sources */,
				96A8E5E329DAC37600B80386 /* Extension+UIView.swift in Sources */,
				96A8E5EB29DAC51200B80386 /* ToDoChangeDelegate.swift in Sources */,
				96A8E5E029DAC2B000B80386 /* GlobalFunctions.swift in Sources */,
				96A8E5CA29DA21A300B80386 /* MockData+Tableview.swift in Sources */,
				96A8E5C729CF3B3400B80386 /* ToDoCell.swift in Sources */,
				96A8E5D029DAA1CD00B80386 /* EnumIcon.swift in Sources */,
				96A8E5A829CCAF0300B80386 /* AppDelegate.swift in Sources */,
				96A8E5EE29DAC58200B80386 /* UITextFieldDelegate.swift in Sources */,
				96A8E5C429CF2AAD00B80386 /* AddToDoViewController.swift in Sources */,
				96A8E5DE29DAA78B00B80386 /* EnumFont.swift in Sources */,
				96A8E5E529DAC41100B80386 /* Extension+UITextView.swift in Sources */,
				96A8E5F029DAC5FC00B80386 /* UITextViewDelegate.swift in Sources */,
				96A8E5AA29CCAF0300B80386 /* SceneDelegate.swift in Sources */,
				96A8E5B229CCAF0300B80386 /* ToDo_App.xcdatamodeld in Sources */,
				96A8E5CE29DA9B1900B80386 /* EnumColor.swift in Sources */,
				96A8E5D429DAA5DA00B80386 /* EnumTag.swift in Sources */,
				96A8E5CC29DA9A6F00B80386 /* Extension+Tableview.swift in Sources */,
				96A8E5D229DAA52600B80386 /* Extension+UIColor.swift in Sources */,
			);
			runOnlyForDeploymentPostprocessing = 0;
		};
/* End PBXSourcesBuildPhase section */

/* Begin PBXVariantGroup section */
		96A8E5AD29CCAF0300B80386 /* Main.storyboard */ = {
			isa = PBXVariantGroup;
			children = (
				96A8E5AE29CCAF0300B80386 /* Base */,
			);
			name = Main.storyboard;
			sourceTree = "<group>";
		};
		96A8E5B529CCAF0400B80386 /* LaunchScreen.storyboard */ = {
			isa = PBXVariantGroup;
			children = (
				96A8E5B629CCAF0400B80386 /* Base */,
			);
			name = LaunchScreen.storyboard;
			sourceTree = "<group>";
		};
/* End PBXVariantGroup section */

/* Begin XCBuildConfiguration section */
		96A8E5B929CCAF0400B80386 /* Debug */ = {
			isa = XCBuildConfiguration;
			buildSettings = {
				ALWAYS_SEARCH_USER_PATHS = NO;
				CLANG_ANALYZER_NONNULL = YES;
				CLANG_ANALYZER_NUMBER_OBJECT_CONVERSION = YES_AGGRESSIVE;
				CLANG_CXX_LANGUAGE_STANDARD = "gnu++20";
				CLANG_ENABLE_MODULES = YES;
				CLANG_ENABLE_OBJC_ARC = YES;
				CLANG_ENABLE_OBJC_WEAK = YES;
				CLANG_WARN_BLOCK_CAPTURE_AUTORELEASING = YES;
				CLANG_WARN_BOOL_CONVERSION = YES;
				CLANG_WARN_COMMA = YES;
				CLANG_WARN_CONSTANT_CONVERSION = YES;
				CLANG_WARN_DEPRECATED_OBJC_IMPLEMENTATIONS = YES;
				CLANG_WARN_DIRECT_OBJC_ISA_USAGE = YES_ERROR;
				CLANG_WARN_DOCUMENTATION_COMMENTS = YES;
				CLANG_WARN_EMPTY_BODY = YES;
				CLANG_WARN_ENUM_CONVERSION = YES;
				CLANG_WARN_INFINITE_RECURSION = YES;
				CLANG_WARN_INT_CONVERSION = YES;
				CLANG_WARN_NON_LITERAL_NULL_CONVERSION = YES;
				CLANG_WARN_OBJC_IMPLICIT_RETAIN_SELF = YES;
				CLANG_WARN_OBJC_LITERAL_CONVERSION = YES;
				CLANG_WARN_OBJC_ROOT_CLASS = YES_ERROR;
				CLANG_WARN_QUOTED_INCLUDE_IN_FRAMEWORK_HEADER = YES;
				CLANG_WARN_RANGE_LOOP_ANALYSIS = YES;
				CLANG_WARN_STRICT_PROTOTYPES = YES;
				CLANG_WARN_SUSPICIOUS_MOVE = YES;
				CLANG_WARN_UNGUARDED_AVAILABILITY = YES_AGGRESSIVE;
				CLANG_WARN_UNREACHABLE_CODE = YES;
				CLANG_WARN__DUPLICATE_METHOD_MATCH = YES;
				COPY_PHASE_STRIP = NO;
				DEBUG_INFORMATION_FORMAT = dwarf;
				ENABLE_STRICT_OBJC_MSGSEND = YES;
				ENABLE_TESTABILITY = YES;
				GCC_C_LANGUAGE_STANDARD = gnu11;
				GCC_DYNAMIC_NO_PIC = NO;
				GCC_NO_COMMON_BLOCKS = YES;
				GCC_OPTIMIZATION_LEVEL = 0;
				GCC_PREPROCESSOR_DEFINITIONS = (
					"DEBUG=1",
					"$(inherited)",
				);
				GCC_WARN_64_TO_32_BIT_CONVERSION = YES;
				GCC_WARN_ABOUT_RETURN_TYPE = YES_ERROR;
				GCC_WARN_UNDECLARED_SELECTOR = YES;
				GCC_WARN_UNINITIALIZED_AUTOS = YES_AGGRESSIVE;
				GCC_WARN_UNUSED_FUNCTION = YES;
				GCC_WARN_UNUSED_VARIABLE = YES;
				IPHONEOS_DEPLOYMENT_TARGET = 16.2;
				MTL_ENABLE_DEBUG_INFO = INCLUDE_SOURCE;
				MTL_FAST_MATH = YES;
				ONLY_ACTIVE_ARCH = YES;
				SDKROOT = iphoneos;
				SWIFT_ACTIVE_COMPILATION_CONDITIONS = DEBUG;
				SWIFT_OPTIMIZATION_LEVEL = "-Onone";
			};
			name = Debug;
		};
		96A8E5BA29CCAF0400B80386 /* Release */ = {
			isa = XCBuildConfiguration;
			buildSettings = {
				ALWAYS_SEARCH_USER_PATHS = NO;
				CLANG_ANALYZER_NONNULL = YES;
				CLANG_ANALYZER_NUMBER_OBJECT_CONVERSION = YES_AGGRESSIVE;
				CLANG_CXX_LANGUAGE_STANDARD = "gnu++20";
				CLANG_ENABLE_MODULES = YES;
				CLANG_ENABLE_OBJC_ARC = YES;
				CLANG_ENABLE_OBJC_WEAK = YES;
				CLANG_WARN_BLOCK_CAPTURE_AUTORELEASING = YES;
				CLANG_WARN_BOOL_CONVERSION = YES;
				CLANG_WARN_COMMA = YES;
				CLANG_WARN_CONSTANT_CONVERSION = YES;
				CLANG_WARN_DEPRECATED_OBJC_IMPLEMENTATIONS = YES;
				CLANG_WARN_DIRECT_OBJC_ISA_USAGE = YES_ERROR;
				CLANG_WARN_DOCUMENTATION_COMMENTS = YES;
				CLANG_WARN_EMPTY_BODY = YES;
				CLANG_WARN_ENUM_CONVERSION = YES;
				CLANG_WARN_INFINITE_RECURSION = YES;
				CLANG_WARN_INT_CONVERSION = YES;
				CLANG_WARN_NON_LITERAL_NULL_CONVERSION = YES;
				CLANG_WARN_OBJC_IMPLICIT_RETAIN_SELF = YES;
				CLANG_WARN_OBJC_LITERAL_CONVERSION = YES;
				CLANG_WARN_OBJC_ROOT_CLASS = YES_ERROR;
				CLANG_WARN_QUOTED_INCLUDE_IN_FRAMEWORK_HEADER = YES;
				CLANG_WARN_RANGE_LOOP_ANALYSIS = YES;
				CLANG_WARN_STRICT_PROTOTYPES = YES;
				CLANG_WARN_SUSPICIOUS_MOVE = YES;
				CLANG_WARN_UNGUARDED_AVAILABILITY = YES_AGGRESSIVE;
				CLANG_WARN_UNREACHABLE_CODE = YES;
				CLANG_WARN__DUPLICATE_METHOD_MATCH = YES;
				COPY_PHASE_STRIP = NO;
				DEBUG_INFORMATION_FORMAT = "dwarf-with-dsym";
				ENABLE_NS_ASSERTIONS = NO;
				ENABLE_STRICT_OBJC_MSGSEND = YES;
				GCC_C_LANGUAGE_STANDARD = gnu11;
				GCC_NO_COMMON_BLOCKS = YES;
				GCC_WARN_64_TO_32_BIT_CONVERSION = YES;
				GCC_WARN_ABOUT_RETURN_TYPE = YES_ERROR;
				GCC_WARN_UNDECLARED_SELECTOR = YES;
				GCC_WARN_UNINITIALIZED_AUTOS = YES_AGGRESSIVE;
				GCC_WARN_UNUSED_FUNCTION = YES;
				GCC_WARN_UNUSED_VARIABLE = YES;
				IPHONEOS_DEPLOYMENT_TARGET = 16.2;
				MTL_ENABLE_DEBUG_INFO = NO;
				MTL_FAST_MATH = YES;
				SDKROOT = iphoneos;
				SWIFT_COMPILATION_MODE = wholemodule;
				SWIFT_OPTIMIZATION_LEVEL = "-O";
				VALIDATE_PRODUCT = YES;
			};
			name = Release;
		};
		96A8E5BC29CCAF0400B80386 /* Debug */ = {
			isa = XCBuildConfiguration;
			buildSettings = {
				ASSETCATALOG_COMPILER_APPICON_NAME = AppIcon;
				ASSETCATALOG_COMPILER_GLOBAL_ACCENT_COLOR_NAME = AccentColor;
				CODE_SIGN_STYLE = Automatic;
				CURRENT_PROJECT_VERSION = 1;
				DEVELOPMENT_TEAM = GQM8T6BKPB;
				GENERATE_INFOPLIST_FILE = YES;
				INFOPLIST_FILE = "ToDo-App/Info.plist";
				INFOPLIST_KEY_UIApplicationSupportsIndirectInputEvents = YES;
				INFOPLIST_KEY_UILaunchStoryboardName = LaunchScreen;
				INFOPLIST_KEY_UIMainStoryboardFile = Main;
				INFOPLIST_KEY_UISupportedInterfaceOrientations_iPad = "UIInterfaceOrientationPortrait UIInterfaceOrientationPortraitUpsideDown UIInterfaceOrientationLandscapeLeft UIInterfaceOrientationLandscapeRight";
				INFOPLIST_KEY_UISupportedInterfaceOrientations_iPhone = "UIInterfaceOrientationPortrait UIInterfaceOrientationLandscapeLeft UIInterfaceOrientationLandscapeRight";
				IPHONEOS_DEPLOYMENT_TARGET = 16.0;
				LD_RUNPATH_SEARCH_PATHS = (
					"$(inherited)",
					"@executable_path/Frameworks",
				);
				MARKETING_VERSION = 1.0;
				PRODUCT_BUNDLE_IDENTIFIER = "osman.sefa.ibis.ToDo-App";
				PRODUCT_NAME = "$(TARGET_NAME)";
				SWIFT_EMIT_LOC_STRINGS = YES;
				SWIFT_VERSION = 5.0;
				TARGETED_DEVICE_FAMILY = "1,2";
			};
			name = Debug;
		};
		96A8E5BD29CCAF0400B80386 /* Release */ = {
			isa = XCBuildConfiguration;
			buildSettings = {
				ASSETCATALOG_COMPILER_APPICON_NAME = AppIcon;
				ASSETCATALOG_COMPILER_GLOBAL_ACCENT_COLOR_NAME = AccentColor;
				CODE_SIGN_STYLE = Automatic;
				CURRENT_PROJECT_VERSION = 1;
				DEVELOPMENT_TEAM = GQM8T6BKPB;
				GENERATE_INFOPLIST_FILE = YES;
				INFOPLIST_FILE = "ToDo-App/Info.plist";
				INFOPLIST_KEY_UIApplicationSupportsIndirectInputEvents = YES;
				INFOPLIST_KEY_UILaunchStoryboardName = LaunchScreen;
				INFOPLIST_KEY_UIMainStoryboardFile = Main;
				INFOPLIST_KEY_UISupportedInterfaceOrientations_iPad = "UIInterfaceOrientationPortrait UIInterfaceOrientationPortraitUpsideDown UIInterfaceOrientationLandscapeLeft UIInterfaceOrientationLandscapeRight";
				INFOPLIST_KEY_UISupportedInterfaceOrientations_iPhone = "UIInterfaceOrientationPortrait UIInterfaceOrientationLandscapeLeft UIInterfaceOrientationLandscapeRight";
				IPHONEOS_DEPLOYMENT_TARGET = 16.0;
				LD_RUNPATH_SEARCH_PATHS = (
					"$(inherited)",
					"@executable_path/Frameworks",
				);
				MARKETING_VERSION = 1.0;
				PRODUCT_BUNDLE_IDENTIFIER = "osman.sefa.ibis.ToDo-App";
				PRODUCT_NAME = "$(TARGET_NAME)";
				SWIFT_EMIT_LOC_STRINGS = YES;
				SWIFT_VERSION = 5.0;
				TARGETED_DEVICE_FAMILY = "1,2";
			};
			name = Release;
		};
/* End XCBuildConfiguration section */

/* Begin XCConfigurationList section */
		96A8E59F29CCAF0300B80386 /* Build configuration list for PBXProject "ToDo-App" */ = {
			isa = XCConfigurationList;
			buildConfigurations = (
				96A8E5B929CCAF0400B80386 /* Debug */,
				96A8E5BA29CCAF0400B80386 /* Release */,
			);
			defaultConfigurationIsVisible = 0;
			defaultConfigurationName = Release;
		};
		96A8E5BB29CCAF0400B80386 /* Build configuration list for PBXNativeTarget "ToDo-App" */ = {
			isa = XCConfigurationList;
			buildConfigurations = (
				96A8E5BC29CCAF0400B80386 /* Debug */,
				96A8E5BD29CCAF0400B80386 /* Release */,
			);
			defaultConfigurationIsVisible = 0;
			defaultConfigurationName = Release;
		};
/* End XCConfigurationList section */

/* Begin XCVersionGroup section */
		96A8E5B029CCAF0300B80386 /* ToDo_App.xcdatamodeld */ = {
			isa = XCVersionGroup;
			children = (
				96A8E5B129CCAF0300B80386 /* ToDo_App.xcdatamodel */,
			);
			currentVersion = 96A8E5B129CCAF0300B80386 /* ToDo_App.xcdatamodel */;
			path = ToDo_App.xcdatamodeld;
			sourceTree = "<group>";
			versionGroupType = wrapper.xcdatamodel;
		};
/* End XCVersionGroup section */
	};
	rootObject = 96A8E59C29CCAF0300B80386 /* Project object */;
}
